Microsoft Visual Studio Solution File, Format Version 12.00
# Visual Studio Version 17
VisualStudioVersion = 17.0.31903.59
MinimumVisualStudioVersion = 10.0.40219.1
Project("{FAE04EC0-301F-11D3-BF4B-00C04F79EFBC}") = "MecFindit.App", "MecFindit.App\MecFindit.App.csproj", "{1F56ACD7-DB77-4143-9D18-A598A5C4F562}"
EndProject
Project("{FAE04EC0-301F-11D3-BF4B-00C04F79EFBC}") = "MecFindit.DataLayer", "MecFindit.DataLayer\MecFindit.DataLayer.csproj", "{6FEB6123-23BE-49F8-892B-A5097E226716}"
EndProject
Global
	GlobalSection(SolutionConfigurationPlatforms) = preSolution
		Debug|Any CPU = Debug|Any CPU
		Release|Any CPU = Release|Any CPU
	EndGlobalSection
	GlobalSection(ProjectConfigurationPlatforms) = postSolution
		{1F56ACD7-DB77-4143-9D18-A598A5C4F562}.Debug|Any CPU.ActiveCfg = Debug|Any CPU
		{1F56ACD7-DB77-4143-9D18-A598A5C4F562}.Debug|Any CPU.Build.0 = Debug|Any CPU
		{1F56ACD7-DB77-4143-9D18-A598A5C4F562}.Release|Any CPU.ActiveCfg = Release|Any CPU
		{1F56ACD7-DB77-4143-9D18-A598A5C4F562}.Release|Any CPU.Build.0 = Release|Any CPU
		{6FEB6123-23BE-49F8-892B-A5097E226716}.Debug|Any CPU.ActiveCfg = Debug|Any CPU
		{6FEB6123-23BE-49F8-892B-A5097E226716}.Debug|Any CPU.Build.0 = Debug|Any CPU
		{6FEB6123-23BE-49F8-892B-A5097E226716}.Release|Any CPU.ActiveCfg = Release|Any CPU
		{6FEB6123-23BE-49F8-892B-A5097E226716}.Release|Any CPU.Build.0 = Release|Any CPU
	EndGlobalSection
	GlobalSection(SolutionProperties) = preSolution
		HideSolutionNode = FALSE
	EndGlobalSection
EndGlobal
